<?xml version="1.0" encoding="utf-8"?>
<Project ToolsVersion="4.0" xmlns="http://schemas.microsoft.com/developer/msbuild/2003">
  <ItemGroup>
    <Filter Include="SolidState">
      <UniqueIdentifier>{21BFDB34-0D77-1D82-767E-F6DD6255B872}</UniqueIdentifier>
    </Filter>
  </ItemGroup>
  <ItemGroup>
    <ClInclude Include="src\SolidState.h" />
    <ClInclude Include="src\SolidState\Application.h">
      <Filter>SolidState</Filter>
    </ClInclude>
    <ClInclude Include="src\SolidState\Core.h">
      <Filter>SolidState</Filter>
    </ClInclude>
    <ClInclude Include="src\SolidState\EntryPoint.h">
      <Filter>SolidState</Filter>
    </ClInclude>
    <ClInclude Include="src\SolidState\Log.h">
      <Filter>SolidState</Filter>
    </ClInclude>
  </ItemGroup>
  <ItemGroup>
    <ClCompile Include="src\SolidState\Application.cpp">
      <Filter>SolidState</Filter>
    </ClCompile>
    <ClCompile Include="src\SolidState\Log.cpp">
      <Filter>SolidState</Filter>
    </ClCompile>
  </ItemGroup>
</Project>